
Microsoft Visual Studio Solution File, Format Version 12.00
# Visual Studio 2010
Project("{FAE04EC0-301F-11D3-BF4B-00C04F79EFBC}") = "Fa", "Fa\Fa.csproj", "{BA002B94-C5A3-4584-8BE9-A13C10BB17D6}"
EndProject
Project("{FAE04EC0-301F-11D3-BF4B-00C04F79EFBC}") = "GiaThanh", "GiaThanh\GiaThanh.csproj", "{0A70820A-F07E-416F-8EFF-267864649674}"
EndProject
Project("{FAE04EC0-301F-11D3-BF4B-00C04F79EFBC}") = "GLKC", "GLCK\GLKC.csproj", "{2425244C-1FC9-48B2-B76E-6B304F3CDBA6}"
EndProject
Project("{FAE04EC0-301F-11D3-BF4B-00C04F79EFBC}") = "Inventory", "Inventory\Inventory.csproj", "{B16E1B0B-FAD0-433C-B2AA-E5244A91CFBA}"
EndProject
Project("{FAE04EC0-301F-11D3-BF4B-00C04F79EFBC}") = "InvPBCCDC", "InvPBCCDC\InvPBCCDC.csproj", "{759B4209-5F32-4516-84BA-595E86AA2A41}"
EndProject
Project("{FAE04EC0-301F-11D3-BF4B-00C04F79EFBC}") = "GlPhanbo", "GlPhanbo\GlPhanbo.csproj", "{F7320559-F7BC-4DCD-BEC3-C135903E8B63}"
EndProject
Project("{FAE04EC0-301F-11D3-BF4B-00C04F79EFBC}") = "BlockData", "BlockData\BlockData.csproj", "{161DDA09-53DF-42EF-82F8-BDCE5E7AB7C3}"
EndProject
Project("{FAE04EC0-301F-11D3-BF4B-00C04F79EFBC}") = "MaNgoaiTe", "MaNgoaiTe\MaNgoaiTe.csproj", "{8E4B9CA1-93EF-4110-9548-8C3EDA9C8311}"
EndProject
Project("{FAE04EC0-301F-11D3-BF4B-00C04F79EFBC}") = "ChonPNM", "ChonPNM\ChonPNM.csproj", "{CAFED7FD-7E75-48F3-A04D-E1FD0D234CC1}"
EndProject
Project("{FAE04EC0-301F-11D3-BF4B-00C04F79EFBC}") = "CLTG", "CLTG\CLTG.csproj", "{5815C1C7-81A2-482F-857D-577B47B7FC39}"
EndProject
Project("{FAE04EC0-301F-11D3-BF4B-00C04F79EFBC}") = "NhapGia", "NhapGia\NhapGia.csproj", "{534E4F81-0176-4C85-A6D6-0D6F003D5C53}"
EndProject
Project("{FAE04EC0-301F-11D3-BF4B-00C04F79EFBC}") = "ChiPhi", "ChiPhi\ChiPhi.csproj", "{AC00E1FD-3851-4313-BFCE-08D06D6D32E1}"
EndProject
Project("{FAE04EC0-301F-11D3-BF4B-00C04F79EFBC}") = "DieuChinhCongNo", "DieuChinhCongNo\DieuChinhCongNo.csproj", "{D8C26306-F7C2-40AC-9C20-998F06BDC880}"
EndProject
Project("{FAE04EC0-301F-11D3-BF4B-00C04F79EFBC}") = "GiaVon", "GiaVon\GiaVon.csproj", "{7B3E60AE-EFE5-4E1F-B6B8-C0D3E578BAC8}"
EndProject
Project("{FAE04EC0-301F-11D3-BF4B-00C04F79EFBC}") = "SoDuHoaDon", "SoDuHoaDon\SoDuHoaDon.csproj", "{748F3BEC-4D93-446A-A02A-BB8E1B4C25D6}"
EndProject
Project("{FAE04EC0-301F-11D3-BF4B-00C04F79EFBC}") = "TaoBangGT", "TaoBangGT\TaoBangGT.csproj", "{3627066E-3412-4F94-B598-808CCA970DB9}"
EndProject
Project("{FAE04EC0-301F-11D3-BF4B-00C04F79EFBC}") = "ThuHoaDon", "ThuHoaDon\ThuHoaDon.csproj", "{9AA31C5A-F4DD-452D-8E63-C5CFACD7098C}"
EndProject
Project("{FAE04EC0-301F-11D3-BF4B-00C04F79EFBC}") = "TraHoaDon", "TraHoaDon\TraHoaDon.csproj", "{0EB205E4-554B-4B06-B564-8A23EB16C40D}"
EndProject
Project("{FAE04EC0-301F-11D3-BF4B-00C04F79EFBC}") = "XuatAm", "XuatAm\XuatAm.csproj", "{7F30D283-51ED-433D-AE5D-28A9CB92ED4D}"
EndProject
Project("{FAE04EC0-301F-11D3-BF4B-00C04F79EFBC}") = "TraPhieuNhap", "TraPhieuNhap\TraPhieuNhap.csproj", "{85540B25-C92A-4FEB-B8C6-9A9F97888569}"
EndProject
Project("{FAE04EC0-301F-11D3-BF4B-00C04F79EFBC}") = "MaNgoaiTe2", "MaNgoaiTe2\MaNgoaiTe2.csproj", "{9B6DABC4-5D86-4D02-98AE-19E5D4B6A5EB}"
EndProject
Project("{FAE04EC0-301F-11D3-BF4B-00C04F79EFBC}") = "TraHDB", "TraHDB\TraHDB.csproj", "{24B6C4A8-8CBA-4137-AEF2-4ED5A04220D1}"
EndProject
Project("{FAE04EC0-301F-11D3-BF4B-00C04F79EFBC}") = "TraPMH", "TraPMH\TraPMH.csproj", "{4522C3AF-4510-479F-A381-615A35462CA7}"
EndProject
Project("{FAE04EC0-301F-11D3-BF4B-00C04F79EFBC}") = "UpdateThue", "UpdateThue\UpdateThue.csproj", "{72884C24-FFAE-46A5-A453-EFDA44742DA7}"
EndProject
Project("{FAE04EC0-301F-11D3-BF4B-00C04F79EFBC}") = "TMBCTC", "TMBCTC\TMBCTC.csproj", "{4F5FAD49-7D29-4A0E-93BE-F544D5078A99}"
EndProject
Project("{FAE04EC0-301F-11D3-BF4B-00C04F79EFBC}") = "GiaDinhMuc", "GiaDinhMuc\GiaDinhMuc.csproj", "{1CD7C7D0-B64B-4CFE-A895-7749C201D8F4}"
EndProject
Project("{FAE04EC0-301F-11D3-BF4B-00C04F79EFBC}") = "OBTK", "OBTK\OBTK.csproj", "{B25893C5-638D-4751-AF50-26918AFB8E33}"
EndProject
Project("{FAE04EC0-301F-11D3-BF4B-00C04F79EFBC}") = "OBKH", "OBKH\OBKH.csproj", "{1DAC199C-C96B-4EE3-B77E-BBD1E7B18346}"
EndProject
Project("{FAE04EC0-301F-11D3-BF4B-00C04F79EFBC}") = "CheckVat", "CheckVat\CheckVat.csproj", "{B4D9D372-CACE-468B-8F84-38932985F205}"
EndProject
Project("{FAE04EC0-301F-11D3-BF4B-00C04F79EFBC}") = "Vat", "Vat\Vat.csproj", "{845F7BCD-C3BD-41CB-BB74-5C2CC840A3FB}"
EndProject
Project("{FAE04EC0-301F-11D3-BF4B-00C04F79EFBC}") = "VatIN", "VatIN\VatIN.csproj", "{756D6F92-41BF-45B6-BC06-74493456D88E}"
EndProject
Project("{FAE04EC0-301F-11D3-BF4B-00C04F79EFBC}") = "Default", "Default\Default.csproj", "{99397245-B6AD-4A88-88DF-EF947C8F87D6}"
EndProject
Project("{FAE04EC0-301F-11D3-BF4B-00C04F79EFBC}") = "DonHang", "DonHang\DonHang.csproj", "{0883A74D-0A15-4366-95D2-330EF9A1E7A5}"
EndProject
Project("{FAE04EC0-301F-11D3-BF4B-00C04F79EFBC}") = "BanHangKIT", "BanHangKIT\BanHangKIT.csproj", "{D5A97543-6F25-4056-A9AB-636905A86914}"
EndProject
Project("{FAE04EC0-301F-11D3-BF4B-00C04F79EFBC}") = "HoaHongSales", "HoaHongSales\HoaHongSales.csproj", "{3C3F8039-382D-495A-9154-9E21CC070295}"
EndProject
Project("{FAE04EC0-301F-11D3-BF4B-00C04F79EFBC}") = "PBCP", "PBCP\PBCP.csproj", "{EDB0075D-BE75-481E-A56F-61EA6E1BAA16}"
EndProject
Project("{FAE04EC0-301F-11D3-BF4B-00C04F79EFBC}") = "XNLDM", "XNLDM\XNLDM.csproj", "{10EC0919-44A0-4496-9F9B-7B2B350C2FE4}"
EndProject
Project("{FAE04EC0-301F-11D3-BF4B-00C04F79EFBC}") = "KiemTraLoaiKH", "KiemTraLoaiKH\KiemTraLoaiKH.csproj", "{FBE02B5C-1814-4327-9D9D-ADFB3C851050}"
EndProject
Project("{FAE04EC0-301F-11D3-BF4B-00C04F79EFBC}") = "HachToanKDL", "HachToanKDL\HachToanKDL.csproj", "{91CFAD70-48D5-4F04-8E64-85537BCD1ABB}"
EndProject
Project("{FAE04EC0-301F-11D3-BF4B-00C04F79EFBC}") = "Chamcong", "Chamcong\Chamcong\Chamcong.csproj", "{BB2E4E68-F619-4F83-AA0F-A86CBFE93478}"
EndProject
Project("{FAE04EC0-301F-11D3-BF4B-00C04F79EFBC}") = "ChungTuBHThue", "ChungTu_BH_Thue\ChungTuBHThue.csproj", "{7FF6DF5D-C333-4035-875A-B1BED8DA970B}"
EndProject
Project("{FAE04EC0-301F-11D3-BF4B-00C04F79EFBC}") = "ChungTuChiLuong", "ChungTuChiLuong\ChungTuChiLuong.csproj", "{1396D718-CCA7-48CB-94E4-6819667CDCEA}"
EndProject
Project("{FAE04EC0-301F-11D3-BF4B-00C04F79EFBC}") = "LapChungTu", "LapChungTu\LapChungTu.csproj", "{FCA68347-5599-4B7A-AB32-546BC3059B12}"
EndProject
Project("{FAE04EC0-301F-11D3-BF4B-00C04F79EFBC}") = "NhapBangLuong", "NhapBangLuong\NhapBangLuong\NhapBangLuong.csproj", "{EE4F8877-F03E-4C47-81B3-352EF83DB493}"
EndProject
Project("{FAE04EC0-301F-11D3-BF4B-00C04F79EFBC}") = "ChuyenSDVT", "OBVT\ChuyenSDVT.csproj", "{0A77C350-9538-47AD-B39C-FC6C659C3EE4}"
EndProject
Project("{FAE04EC0-301F-11D3-BF4B-00C04F79EFBC}") = "PBChiPhiCT", "PBChiPhiCT\PBChiPhiCT.csproj", "{E51F7684-4A11-4060-8904-2BE3CAB77D11}"
EndProject
Project("{FAE04EC0-301F-11D3-BF4B-00C04F79EFBC}") = "XNLDMCT", "XNLDMCT\XNLDMCT.csproj", "{644E97F6-21D2-44DE-A8C2-9BE398202AB4}"
EndProject
Project("{FAE04EC0-301F-11D3-BF4B-00C04F79EFBC}") = "CapNhatHD", "CapNhatHD\CapNhatHD.csproj", "{8CF3F971-9362-4631-BCB9-04BB32D9136B}"
EndProject
Project("{FAE04EC0-301F-11D3-BF4B-00C04F79EFBC}") = "KiemTraHD", "KiemTraHD\KiemTraHD.csproj", "{029763B8-6082-4B6E-887E-C96258E20415}"
EndProject
Project("{FAE04EC0-301F-11D3-BF4B-00C04F79EFBC}") = "UpperSerial", "UpperSerial\UpperSerial.csproj", "{E98A363B-C2F4-42FD-92D9-E64B81A7B9CE}"
EndProject
Project("{FAE04EC0-301F-11D3-BF4B-00C04F79EFBC}") = "ChinhSachGia", "ChinhSachGia\ChinhSachGia.csproj", "{70B80BF2-CAFC-456F-BB2B-DFD4459A7246}"
EndProject
Project("{FAE04EC0-301F-11D3-BF4B-00C04F79EFBC}") = "GetPricesCSG", "GetPricesCSG\GetPricesCSG.csproj", "{888D1836-C170-4302-909A-F06B51D2FF71}"
EndProject
Project("{FAE04EC0-301F-11D3-BF4B-00C04F79EFBC}") = "CheckTK", "CheckTK\CheckTK.csproj", "{65E22430-3F06-42C2-99F6-227FA33217DD}"
EndProject
Project("{FAE04EC0-301F-11D3-BF4B-00C04F79EFBC}") = "KCGV", "KCGV\KCGV.csproj", "{8AEE177E-67A2-4576-802A-EB86D93F6375}"
EndProject
Project("{FAE04EC0-301F-11D3-BF4B-00C04F79EFBC}") = "CDT", "CDT\CDT.csproj", "{A48C0424-B640-40F9-9F72-9D96667B6160}"
EndProject
Project("{FAE04EC0-301F-11D3-BF4B-00C04F79EFBC}") = "TaoSoCT", "TaoSoCT\TaoSoCT.csproj", "{70675401-AEB2-442B-B7C5-52B76ADC0AC4}"
EndProject
Project("{FAE04EC0-301F-11D3-BF4B-00C04F79EFBC}") = "DanhSoCT", "DanhSoCT\DanhSoCT.csproj", "{086EA587-F26F-4882-934C-E98570DBE130}"
EndProject
Project("{FAE04EC0-301F-11D3-BF4B-00C04F79EFBC}") = "ExportInvoice", "ExportInvoice\ExportInvoice.csproj", "{440A3A30-722D-4339-AC86-B9C99C7FC264}"
EndProject
Global
	GlobalSection(SolutionConfigurationPlatforms) = preSolution
		Debug|Any CPU = Debug|Any CPU
		Release|Any CPU = Release|Any CPU
	EndGlobalSection
	GlobalSection(ProjectConfigurationPlatforms) = postSolution
		{BA002B94-C5A3-4584-8BE9-A13C10BB17D6}.Debug|Any CPU.ActiveCfg = Debug|Any CPU
		{BA002B94-C5A3-4584-8BE9-A13C10BB17D6}.Debug|Any CPU.Build.0 = Debug|Any CPU
		{BA002B94-C5A3-4584-8BE9-A13C10BB17D6}.Release|Any CPU.ActiveCfg = Release|Any CPU
		{BA002B94-C5A3-4584-8BE9-A13C10BB17D6}.Release|Any CPU.Build.0 = Release|Any CPU
		{0A70820A-F07E-416F-8EFF-267864649674}.Debug|Any CPU.ActiveCfg = Debug|Any CPU
		{0A70820A-F07E-416F-8EFF-267864649674}.Debug|Any CPU.Build.0 = Debug|Any CPU
		{0A70820A-F07E-416F-8EFF-267864649674}.Release|Any CPU.ActiveCfg = Release|Any CPU
		{0A70820A-F07E-416F-8EFF-267864649674}.Release|Any CPU.Build.0 = Release|Any CPU
		{2425244C-1FC9-48B2-B76E-6B304F3CDBA6}.Debug|Any CPU.ActiveCfg = Debug|Any CPU
		{2425244C-1FC9-48B2-B76E-6B304F3CDBA6}.Debug|Any CPU.Build.0 = Debug|Any CPU
		{2425244C-1FC9-48B2-B76E-6B304F3CDBA6}.Release|Any CPU.ActiveCfg = Release|Any CPU
		{2425244C-1FC9-48B2-B76E-6B304F3CDBA6}.Release|Any CPU.Build.0 = Release|Any CPU
		{B16E1B0B-FAD0-433C-B2AA-E5244A91CFBA}.Debug|Any CPU.ActiveCfg = Debug|Any CPU
		{B16E1B0B-FAD0-433C-B2AA-E5244A91CFBA}.Debug|Any CPU.Build.0 = Debug|Any CPU
		{B16E1B0B-FAD0-433C-B2AA-E5244A91CFBA}.Release|Any CPU.ActiveCfg = Release|Any CPU
		{B16E1B0B-FAD0-433C-B2AA-E5244A91CFBA}.Release|Any CPU.Build.0 = Release|Any CPU
		{759B4209-5F32-4516-84BA-595E86AA2A41}.Debug|Any CPU.ActiveCfg = Debug|Any CPU
		{759B4209-5F32-4516-84BA-595E86AA2A41}.Debug|Any CPU.Build.0 = Debug|Any CPU
		{759B4209-5F32-4516-84BA-595E86AA2A41}.Release|Any CPU.ActiveCfg = Release|Any CPU
		{759B4209-5F32-4516-84BA-595E86AA2A41}.Release|Any CPU.Build.0 = Release|Any CPU
		{F7320559-F7BC-4DCD-BEC3-C135903E8B63}.Debug|Any CPU.ActiveCfg = Debug|Any CPU
		{F7320559-F7BC-4DCD-BEC3-C135903E8B63}.Debug|Any CPU.Build.0 = Debug|Any CPU
		{F7320559-F7BC-4DCD-BEC3-C135903E8B63}.Release|Any CPU.ActiveCfg = Release|Any CPU
		{F7320559-F7BC-4DCD-BEC3-C135903E8B63}.Release|Any CPU.Build.0 = Release|Any CPU
		{161DDA09-53DF-42EF-82F8-BDCE5E7AB7C3}.Debug|Any CPU.ActiveCfg = Debug|Any CPU
		{161DDA09-53DF-42EF-82F8-BDCE5E7AB7C3}.Debug|Any CPU.Build.0 = Debug|Any CPU
		{161DDA09-53DF-42EF-82F8-BDCE5E7AB7C3}.Release|Any CPU.ActiveCfg = Release|Any CPU
		{161DDA09-53DF-42EF-82F8-BDCE5E7AB7C3}.Release|Any CPU.Build.0 = Release|Any CPU
		{8E4B9CA1-93EF-4110-9548-8C3EDA9C8311}.Debug|Any CPU.ActiveCfg = Debug|Any CPU
		{8E4B9CA1-93EF-4110-9548-8C3EDA9C8311}.Debug|Any CPU.Build.0 = Debug|Any CPU
		{8E4B9CA1-93EF-4110-9548-8C3EDA9C8311}.Release|Any CPU.ActiveCfg = Release|Any CPU
		{8E4B9CA1-93EF-4110-9548-8C3EDA9C8311}.Release|Any CPU.Build.0 = Release|Any CPU
		{CAFED7FD-7E75-48F3-A04D-E1FD0D234CC1}.Debug|Any CPU.ActiveCfg = Debug|Any CPU
		{CAFED7FD-7E75-48F3-A04D-E1FD0D234CC1}.Debug|Any CPU.Build.0 = Debug|Any CPU
		{CAFED7FD-7E75-48F3-A04D-E1FD0D234CC1}.Release|Any CPU.ActiveCfg = Release|Any CPU
		{CAFED7FD-7E75-48F3-A04D-E1FD0D234CC1}.Release|Any CPU.Build.0 = Release|Any CPU
		{5815C1C7-81A2-482F-857D-577B47B7FC39}.Debug|Any CPU.ActiveCfg = Debug|Any CPU
		{5815C1C7-81A2-482F-857D-577B47B7FC39}.Debug|Any CPU.Build.0 = Debug|Any CPU
		{5815C1C7-81A2-482F-857D-577B47B7FC39}.Release|Any CPU.ActiveCfg = Release|Any CPU
		{5815C1C7-81A2-482F-857D-577B47B7FC39}.Release|Any CPU.Build.0 = Release|Any CPU
		{534E4F81-0176-4C85-A6D6-0D6F003D5C53}.Debug|Any CPU.ActiveCfg = Debug|Any CPU
		{534E4F81-0176-4C85-A6D6-0D6F003D5C53}.Debug|Any CPU.Build.0 = Debug|Any CPU
		{534E4F81-0176-4C85-A6D6-0D6F003D5C53}.Release|Any CPU.ActiveCfg = Release|Any CPU
		{534E4F81-0176-4C85-A6D6-0D6F003D5C53}.Release|Any CPU.Build.0 = Release|Any CPU
		{AC00E1FD-3851-4313-BFCE-08D06D6D32E1}.Debug|Any CPU.ActiveCfg = Debug|Any CPU
		{AC00E1FD-3851-4313-BFCE-08D06D6D32E1}.Debug|Any CPU.Build.0 = Debug|Any CPU
		{AC00E1FD-3851-4313-BFCE-08D06D6D32E1}.Release|Any CPU.ActiveCfg = Release|Any CPU
		{AC00E1FD-3851-4313-BFCE-08D06D6D32E1}.Release|Any CPU.Build.0 = Release|Any CPU
		{D8C26306-F7C2-40AC-9C20-998F06BDC880}.Debug|Any CPU.ActiveCfg = Debug|Any CPU
		{D8C26306-F7C2-40AC-9C20-998F06BDC880}.Debug|Any CPU.Build.0 = Debug|Any CPU
		{D8C26306-F7C2-40AC-9C20-998F06BDC880}.Release|Any CPU.ActiveCfg = Release|Any CPU
		{D8C26306-F7C2-40AC-9C20-998F06BDC880}.Release|Any CPU.Build.0 = Release|Any CPU
		{7B3E60AE-EFE5-4E1F-B6B8-C0D3E578BAC8}.Debug|Any CPU.ActiveCfg = Debug|Any CPU
		{7B3E60AE-EFE5-4E1F-B6B8-C0D3E578BAC8}.Debug|Any CPU.Build.0 = Debug|Any CPU
		{7B3E60AE-EFE5-4E1F-B6B8-C0D3E578BAC8}.Release|Any CPU.ActiveCfg = Release|Any CPU
		{7B3E60AE-EFE5-4E1F-B6B8-C0D3E578BAC8}.Release|Any CPU.Build.0 = Release|Any CPU
		{748F3BEC-4D93-446A-A02A-BB8E1B4C25D6}.Debug|Any CPU.ActiveCfg = Debug|Any CPU
		{748F3BEC-4D93-446A-A02A-BB8E1B4C25D6}.Debug|Any CPU.Build.0 = Debug|Any CPU
		{748F3BEC-4D93-446A-A02A-BB8E1B4C25D6}.Release|Any CPU.ActiveCfg = Release|Any CPU
		{748F3BEC-4D93-446A-A02A-BB8E1B4C25D6}.Release|Any CPU.Build.0 = Release|Any CPU
		{3627066E-3412-4F94-B598-808CCA970DB9}.Debug|Any CPU.ActiveCfg = Debug|Any CPU
		{3627066E-3412-4F94-B598-808CCA970DB9}.Debug|Any CPU.Build.0 = Debug|Any CPU
		{3627066E-3412-4F94-B598-808CCA970DB9}.Release|Any CPU.ActiveCfg = Release|Any CPU
		{3627066E-3412-4F94-B598-808CCA970DB9}.Release|Any CPU.Build.0 = Release|Any CPU
		{9AA31C5A-F4DD-452D-8E63-C5CFACD7098C}.Debug|Any CPU.ActiveCfg = Debug|Any CPU
		{9AA31C5A-F4DD-452D-8E63-C5CFACD7098C}.Debug|Any CPU.Build.0 = Debug|Any CPU
		{9AA31C5A-F4DD-452D-8E63-C5CFACD7098C}.Release|Any CPU.ActiveCfg = Release|Any CPU
		{9AA31C5A-F4DD-452D-8E63-C5CFACD7098C}.Release|Any CPU.Build.0 = Release|Any CPU
		{0EB205E4-554B-4B06-B564-8A23EB16C40D}.Debug|Any CPU.ActiveCfg = Debug|Any CPU
		{0EB205E4-554B-4B06-B564-8A23EB16C40D}.Debug|Any CPU.Build.0 = Debug|Any CPU
		{0EB205E4-554B-4B06-B564-8A23EB16C40D}.Release|Any CPU.ActiveCfg = Release|Any CPU
		{0EB205E4-554B-4B06-B564-8A23EB16C40D}.Release|Any CPU.Build.0 = Release|Any CPU
		{7F30D283-51ED-433D-AE5D-28A9CB92ED4D}.Debug|Any CPU.ActiveCfg = Debug|Any CPU
		{7F30D283-51ED-433D-AE5D-28A9CB92ED4D}.Debug|Any CPU.Build.0 = Debug|Any CPU
		{7F30D283-51ED-433D-AE5D-28A9CB92ED4D}.Release|Any CPU.ActiveCfg = Release|Any CPU
		{7F30D283-51ED-433D-AE5D-28A9CB92ED4D}.Release|Any CPU.Build.0 = Release|Any CPU
		{85540B25-C92A-4FEB-B8C6-9A9F97888569}.Debug|Any CPU.ActiveCfg = Debug|Any CPU
		{85540B25-C92A-4FEB-B8C6-9A9F97888569}.Debug|Any CPU.Build.0 = Debug|Any CPU
		{85540B25-C92A-4FEB-B8C6-9A9F97888569}.Release|Any CPU.ActiveCfg = Release|Any CPU
		{85540B25-C92A-4FEB-B8C6-9A9F97888569}.Release|Any CPU.Build.0 = Release|Any CPU
		{9B6DABC4-5D86-4D02-98AE-19E5D4B6A5EB}.Debug|Any CPU.ActiveCfg = Debug|Any CPU
		{9B6DABC4-5D86-4D02-98AE-19E5D4B6A5EB}.Debug|Any CPU.Build.0 = Debug|Any CPU
		{9B6DABC4-5D86-4D02-98AE-19E5D4B6A5EB}.Release|Any CPU.ActiveCfg = Release|Any CPU
		{9B6DABC4-5D86-4D02-98AE-19E5D4B6A5EB}.Release|Any CPU.Build.0 = Release|Any CPU
		{24B6C4A8-8CBA-4137-AEF2-4ED5A04220D1}.Debug|Any CPU.ActiveCfg = Debug|Any CPU
		{24B6C4A8-8CBA-4137-AEF2-4ED5A04220D1}.Debug|Any CPU.Build.0 = Debug|Any CPU
		{24B6C4A8-8CBA-4137-AEF2-4ED5A04220D1}.Release|Any CPU.ActiveCfg = Release|Any CPU
		{24B6C4A8-8CBA-4137-AEF2-4ED5A04220D1}.Release|Any CPU.Build.0 = Release|Any CPU
		{4522C3AF-4510-479F-A381-615A35462CA7}.Debug|Any CPU.ActiveCfg = Debug|Any CPU
		{4522C3AF-4510-479F-A381-615A35462CA7}.Debug|Any CPU.Build.0 = Debug|Any CPU
		{4522C3AF-4510-479F-A381-615A35462CA7}.Release|Any CPU.ActiveCfg = Release|Any CPU
		{4522C3AF-4510-479F-A381-615A35462CA7}.Release|Any CPU.Build.0 = Release|Any CPU
		{72884C24-FFAE-46A5-A453-EFDA44742DA7}.Debug|Any CPU.ActiveCfg = Debug|Any CPU
		{72884C24-FFAE-46A5-A453-EFDA44742DA7}.Debug|Any CPU.Build.0 = Debug|Any CPU
		{72884C24-FFAE-46A5-A453-EFDA44742DA7}.Release|Any CPU.ActiveCfg = Release|Any CPU
		{72884C24-FFAE-46A5-A453-EFDA44742DA7}.Release|Any CPU.Build.0 = Release|Any CPU
		{4F5FAD49-7D29-4A0E-93BE-F544D5078A99}.Debug|Any CPU.ActiveCfg = Debug|Any CPU
		{4F5FAD49-7D29-4A0E-93BE-F544D5078A99}.Debug|Any CPU.Build.0 = Debug|Any CPU
		{4F5FAD49-7D29-4A0E-93BE-F544D5078A99}.Release|Any CPU.ActiveCfg = Release|Any CPU
		{4F5FAD49-7D29-4A0E-93BE-F544D5078A99}.Release|Any CPU.Build.0 = Release|Any CPU
		{1CD7C7D0-B64B-4CFE-A895-7749C201D8F4}.Debug|Any CPU.ActiveCfg = Debug|Any CPU
		{1CD7C7D0-B64B-4CFE-A895-7749C201D8F4}.Debug|Any CPU.Build.0 = Debug|Any CPU
		{1CD7C7D0-B64B-4CFE-A895-7749C201D8F4}.Release|Any CPU.ActiveCfg = Release|Any CPU
		{1CD7C7D0-B64B-4CFE-A895-7749C201D8F4}.Release|Any CPU.Build.0 = Release|Any CPU
		{B25893C5-638D-4751-AF50-26918AFB8E33}.Debug|Any CPU.ActiveCfg = Debug|Any CPU
		{B25893C5-638D-4751-AF50-26918AFB8E33}.Debug|Any CPU.Build.0 = Debug|Any CPU
		{B25893C5-638D-4751-AF50-26918AFB8E33}.Release|Any CPU.ActiveCfg = Release|Any CPU
		{B25893C5-638D-4751-AF50-26918AFB8E33}.Release|Any CPU.Build.0 = Release|Any CPU
		{1DAC199C-C96B-4EE3-B77E-BBD1E7B18346}.Debug|Any CPU.ActiveCfg = Debug|Any CPU
		{1DAC199C-C96B-4EE3-B77E-BBD1E7B18346}.Debug|Any CPU.Build.0 = Debug|Any CPU
		{1DAC199C-C96B-4EE3-B77E-BBD1E7B18346}.Release|Any CPU.ActiveCfg = Release|Any CPU
		{1DAC199C-C96B-4EE3-B77E-BBD1E7B18346}.Release|Any CPU.Build.0 = Release|Any CPU
		{B4D9D372-CACE-468B-8F84-38932985F205}.Debug|Any CPU.ActiveCfg = Debug|Any CPU
		{B4D9D372-CACE-468B-8F84-38932985F205}.Debug|Any CPU.Build.0 = Debug|Any CPU
		{B4D9D372-CACE-468B-8F84-38932985F205}.Release|Any CPU.ActiveCfg = Release|Any CPU
		{B4D9D372-CACE-468B-8F84-38932985F205}.Release|Any CPU.Build.0 = Release|Any CPU
		{845F7BCD-C3BD-41CB-BB74-5C2CC840A3FB}.Debug|Any CPU.ActiveCfg = Debug|Any CPU
		{845F7BCD-C3BD-41CB-BB74-5C2CC840A3FB}.Debug|Any CPU.Build.0 = Debug|Any CPU
		{845F7BCD-C3BD-41CB-BB74-5C2CC840A3FB}.Release|Any CPU.ActiveCfg = Release|Any CPU
		{845F7BCD-C3BD-41CB-BB74-5C2CC840A3FB}.Release|Any CPU.Build.0 = Release|Any CPU
		{756D6F92-41BF-45B6-BC06-74493456D88E}.Debug|Any CPU.ActiveCfg = Debug|Any CPU
		{756D6F92-41BF-45B6-BC06-74493456D88E}.Debug|Any CPU.Build.0 = Debug|Any CPU
		{756D6F92-41BF-45B6-BC06-74493456D88E}.Release|Any CPU.ActiveCfg = Release|Any CPU
		{756D6F92-41BF-45B6-BC06-74493456D88E}.Release|Any CPU.Build.0 = Release|Any CPU
		{99397245-B6AD-4A88-88DF-EF947C8F87D6}.Debug|Any CPU.ActiveCfg = Debug|Any CPU
		{99397245-B6AD-4A88-88DF-EF947C8F87D6}.Debug|Any CPU.Build.0 = Debug|Any CPU
		{99397245-B6AD-4A88-88DF-EF947C8F87D6}.Release|Any CPU.ActiveCfg = Release|Any CPU
		{99397245-B6AD-4A88-88DF-EF947C8F87D6}.Release|Any CPU.Build.0 = Release|Any CPU
		{0883A74D-0A15-4366-95D2-330EF9A1E7A5}.Debug|Any CPU.ActiveCfg = Debug|Any CPU
		{0883A74D-0A15-4366-95D2-330EF9A1E7A5}.Debug|Any CPU.Build.0 = Debug|Any CPU
		{0883A74D-0A15-4366-95D2-330EF9A1E7A5}.Release|Any CPU.ActiveCfg = Release|Any CPU
		{0883A74D-0A15-4366-95D2-330EF9A1E7A5}.Release|Any CPU.Build.0 = Release|Any CPU
		{D5A97543-6F25-4056-A9AB-636905A86914}.Debug|Any CPU.ActiveCfg = Debug|Any CPU
		{D5A97543-6F25-4056-A9AB-636905A86914}.Debug|Any CPU.Build.0 = Debug|Any CPU
		{D5A97543-6F25-4056-A9AB-636905A86914}.Release|Any CPU.ActiveCfg = Release|Any CPU
		{D5A97543-6F25-4056-A9AB-636905A86914}.Release|Any CPU.Build.0 = Release|Any CPU
		{3C3F8039-382D-495A-9154-9E21CC070295}.Debug|Any CPU.ActiveCfg = Debug|Any CPU
		{3C3F8039-382D-495A-9154-9E21CC070295}.Debug|Any CPU.Build.0 = Debug|Any CPU
		{3C3F8039-382D-495A-9154-9E21CC070295}.Release|Any CPU.ActiveCfg = Release|Any CPU
		{3C3F8039-382D-495A-9154-9E21CC070295}.Release|Any CPU.Build.0 = Release|Any CPU
		{EDB0075D-BE75-481E-A56F-61EA6E1BAA16}.Debug|Any CPU.ActiveCfg = Debug|Any CPU
		{EDB0075D-BE75-481E-A56F-61EA6E1BAA16}.Debug|Any CPU.Build.0 = Debug|Any CPU
		{EDB0075D-BE75-481E-A56F-61EA6E1BAA16}.Release|Any CPU.ActiveCfg = Release|Any CPU
		{EDB0075D-BE75-481E-A56F-61EA6E1BAA16}.Release|Any CPU.Build.0 = Release|Any CPU
		{10EC0919-44A0-4496-9F9B-7B2B350C2FE4}.Debug|Any CPU.ActiveCfg = Debug|Any CPU
		{10EC0919-44A0-4496-9F9B-7B2B350C2FE4}.Debug|Any CPU.Build.0 = Debug|Any CPU
		{10EC0919-44A0-4496-9F9B-7B2B350C2FE4}.Release|Any CPU.ActiveCfg = Release|Any CPU
		{10EC0919-44A0-4496-9F9B-7B2B350C2FE4}.Release|Any CPU.Build.0 = Release|Any CPU
		{FBE02B5C-1814-4327-9D9D-ADFB3C851050}.Debug|Any CPU.ActiveCfg = Debug|Any CPU
		{FBE02B5C-1814-4327-9D9D-ADFB3C851050}.Debug|Any CPU.Build.0 = Debug|Any CPU
		{FBE02B5C-1814-4327-9D9D-ADFB3C851050}.Release|Any CPU.ActiveCfg = Release|Any CPU
		{FBE02B5C-1814-4327-9D9D-ADFB3C851050}.Release|Any CPU.Build.0 = Release|Any CPU
		{91CFAD70-48D5-4F04-8E64-85537BCD1ABB}.Debug|Any CPU.ActiveCfg = Debug|Any CPU
		{91CFAD70-48D5-4F04-8E64-85537BCD1ABB}.Debug|Any CPU.Build.0 = Debug|Any CPU
		{91CFAD70-48D5-4F04-8E64-85537BCD1ABB}.Release|Any CPU.ActiveCfg = Release|Any CPU
		{91CFAD70-48D5-4F04-8E64-85537BCD1ABB}.Release|Any CPU.Build.0 = Release|Any CPU
		{BB2E4E68-F619-4F83-AA0F-A86CBFE93478}.Debug|Any CPU.ActiveCfg = Debug|Any CPU
		{BB2E4E68-F619-4F83-AA0F-A86CBFE93478}.Debug|Any CPU.Build.0 = Debug|Any CPU
		{BB2E4E68-F619-4F83-AA0F-A86CBFE93478}.Release|Any CPU.ActiveCfg = Release|Any CPU
		{BB2E4E68-F619-4F83-AA0F-A86CBFE93478}.Release|Any CPU.Build.0 = Release|Any CPU
		{7FF6DF5D-C333-4035-875A-B1BED8DA970B}.Debug|Any CPU.ActiveCfg = Debug|Any CPU
		{7FF6DF5D-C333-4035-875A-B1BED8DA970B}.Debug|Any CPU.Build.0 = Debug|Any CPU
		{7FF6DF5D-C333-4035-875A-B1BED8DA970B}.Release|Any CPU.ActiveCfg = Release|Any CPU
		{7FF6DF5D-C333-4035-875A-B1BED8DA970B}.Release|Any CPU.Build.0 = Release|Any CPU
		{1396D718-CCA7-48CB-94E4-6819667CDCEA}.Debug|Any CPU.ActiveCfg = Debug|Any CPU
		{1396D718-CCA7-48CB-94E4-6819667CDCEA}.Debug|Any CPU.Build.0 = Debug|Any CPU
		{1396D718-CCA7-48CB-94E4-6819667CDCEA}.Release|Any CPU.ActiveCfg = Release|Any CPU
		{1396D718-CCA7-48CB-94E4-6819667CDCEA}.Release|Any CPU.Build.0 = Release|Any CPU
		{FCA68347-5599-4B7A-AB32-546BC3059B12}.Debug|Any CPU.ActiveCfg = Debug|Any CPU
		{FCA68347-5599-4B7A-AB32-546BC3059B12}.Debug|Any CPU.Build.0 = Debug|Any CPU
		{FCA68347-5599-4B7A-AB32-546BC3059B12}.Release|Any CPU.ActiveCfg = Release|Any CPU
		{FCA68347-5599-4B7A-AB32-546BC3059B12}.Release|Any CPU.Build.0 = Release|Any CPU
		{EE4F8877-F03E-4C47-81B3-352EF83DB493}.Debug|Any CPU.ActiveCfg = Debug|Any CPU
		{EE4F8877-F03E-4C47-81B3-352EF83DB493}.Debug|Any CPU.Build.0 = Debug|Any CPU
		{EE4F8877-F03E-4C47-81B3-352EF83DB493}.Release|Any CPU.ActiveCfg = Release|Any CPU
		{EE4F8877-F03E-4C47-81B3-352EF83DB493}.Release|Any CPU.Build.0 = Release|Any CPU
		{0A77C350-9538-47AD-B39C-FC6C659C3EE4}.Debug|Any CPU.ActiveCfg = Debug|Any CPU
		{0A77C350-9538-47AD-B39C-FC6C659C3EE4}.Debug|Any CPU.Build.0 = Debug|Any CPU
		{0A77C350-9538-47AD-B39C-FC6C659C3EE4}.Release|Any CPU.ActiveCfg = Release|Any CPU
		{0A77C350-9538-47AD-B39C-FC6C659C3EE4}.Release|Any CPU.Build.0 = Release|Any CPU
		{E51F7684-4A11-4060-8904-2BE3CAB77D11}.Debug|Any CPU.ActiveCfg = Debug|Any CPU
		{E51F7684-4A11-4060-8904-2BE3CAB77D11}.Debug|Any CPU.Build.0 = Debug|Any CPU
		{E51F7684-4A11-4060-8904-2BE3CAB77D11}.Release|Any CPU.ActiveCfg = Release|Any CPU
		{E51F7684-4A11-4060-8904-2BE3CAB77D11}.Release|Any CPU.Build.0 = Release|Any CPU
		{644E97F6-21D2-44DE-A8C2-9BE398202AB4}.Debug|Any CPU.ActiveCfg = Debug|Any CPU
		{644E97F6-21D2-44DE-A8C2-9BE398202AB4}.Debug|Any CPU.Build.0 = Debug|Any CPU
		{644E97F6-21D2-44DE-A8C2-9BE398202AB4}.Release|Any CPU.ActiveCfg = Release|Any CPU
		{644E97F6-21D2-44DE-A8C2-9BE398202AB4}.Release|Any CPU.Build.0 = Release|Any CPU
		{8CF3F971-9362-4631-BCB9-04BB32D9136B}.Debug|Any CPU.ActiveCfg = Debug|Any CPU
		{8CF3F971-9362-4631-BCB9-04BB32D9136B}.Debug|Any CPU.Build.0 = Debug|Any CPU
		{8CF3F971-9362-4631-BCB9-04BB32D9136B}.Release|Any CPU.ActiveCfg = Release|Any CPU
		{8CF3F971-9362-4631-BCB9-04BB32D9136B}.Release|Any CPU.Build.0 = Release|Any CPU
		{029763B8-6082-4B6E-887E-C96258E20415}.Debug|Any CPU.ActiveCfg = Debug|Any CPU
		{029763B8-6082-4B6E-887E-C96258E20415}.Debug|Any CPU.Build.0 = Debug|Any CPU
		{029763B8-6082-4B6E-887E-C96258E20415}.Release|Any CPU.ActiveCfg = Release|Any CPU
		{029763B8-6082-4B6E-887E-C96258E20415}.Release|Any CPU.Build.0 = Release|Any CPU
		{E98A363B-C2F4-42FD-92D9-E64B81A7B9CE}.Debug|Any CPU.ActiveCfg = Debug|Any CPU
		{E98A363B-C2F4-42FD-92D9-E64B81A7B9CE}.Debug|Any CPU.Build.0 = Debug|Any CPU
		{E98A363B-C2F4-42FD-92D9-E64B81A7B9CE}.Release|Any CPU.ActiveCfg = Release|Any CPU
		{E98A363B-C2F4-42FD-92D9-E64B81A7B9CE}.Release|Any CPU.Build.0 = Release|Any CPU
		{70B80BF2-CAFC-456F-BB2B-DFD4459A7246}.Debug|Any CPU.ActiveCfg = Debug|Any CPU
		{70B80BF2-CAFC-456F-BB2B-DFD4459A7246}.Debug|Any CPU.Build.0 = Debug|Any CPU
		{70B80BF2-CAFC-456F-BB2B-DFD4459A7246}.Release|Any CPU.ActiveCfg = Release|Any CPU
		{70B80BF2-CAFC-456F-BB2B-DFD4459A7246}.Release|Any CPU.Build.0 = Release|Any CPU
		{888D1836-C170-4302-909A-F06B51D2FF71}.Debug|Any CPU.ActiveCfg = Debug|Any CPU
		{888D1836-C170-4302-909A-F06B51D2FF71}.Debug|Any CPU.Build.0 = Debug|Any CPU
		{888D1836-C170-4302-909A-F06B51D2FF71}.Release|Any CPU.ActiveCfg = Release|Any CPU
		{888D1836-C170-4302-909A-F06B51D2FF71}.Release|Any CPU.Build.0 = Release|Any CPU
		{65E22430-3F06-42C2-99F6-227FA33217DD}.Debug|Any CPU.ActiveCfg = Debug|Any CPU
		{65E22430-3F06-42C2-99F6-227FA33217DD}.Debug|Any CPU.Build.0 = Debug|Any CPU
		{65E22430-3F06-42C2-99F6-227FA33217DD}.Release|Any CPU.ActiveCfg = Release|Any CPU
		{65E22430-3F06-42C2-99F6-227FA33217DD}.Release|Any CPU.Build.0 = Release|Any CPU
		{8AEE177E-67A2-4576-802A-EB86D93F6375}.Debug|Any CPU.ActiveCfg = Debug|Any CPU
		{8AEE177E-67A2-4576-802A-EB86D93F6375}.Debug|Any CPU.Build.0 = Debug|Any CPU
		{8AEE177E-67A2-4576-802A-EB86D93F6375}.Release|Any CPU.ActiveCfg = Release|Any CPU
		{8AEE177E-67A2-4576-802A-EB86D93F6375}.Release|Any CPU.Build.0 = Release|Any CPU
		{A48C0424-B640-40F9-9F72-9D96667B6160}.Debug|Any CPU.ActiveCfg = Debug|Any CPU
		{A48C0424-B640-40F9-9F72-9D96667B6160}.Debug|Any CPU.Build.0 = Debug|Any CPU
		{A48C0424-B640-40F9-9F72-9D96667B6160}.Release|Any CPU.ActiveCfg = Release|Any CPU
		{A48C0424-B640-40F9-9F72-9D96667B6160}.Release|Any CPU.Build.0 = Release|Any CPU
		{70675401-AEB2-442B-B7C5-52B76ADC0AC4}.Debug|Any CPU.ActiveCfg = Debug|Any CPU
		{70675401-AEB2-442B-B7C5-52B76ADC0AC4}.Debug|Any CPU.Build.0 = Debug|Any CPU
		{70675401-AEB2-442B-B7C5-52B76ADC0AC4}.Release|Any CPU.ActiveCfg = Release|Any CPU
		{70675401-AEB2-442B-B7C5-52B76ADC0AC4}.Release|Any CPU.Build.0 = Release|Any CPU
		{086EA587-F26F-4882-934C-E98570DBE130}.Debug|Any CPU.ActiveCfg = Debug|Any CPU
		{086EA587-F26F-4882-934C-E98570DBE130}.Debug|Any CPU.Build.0 = Debug|Any CPU
		{086EA587-F26F-4882-934C-E98570DBE130}.Release|Any CPU.ActiveCfg = Release|Any CPU
		{086EA587-F26F-4882-934C-E98570DBE130}.Release|Any CPU.Build.0 = Release|Any CPU
		{440A3A30-722D-4339-AC86-B9C99C7FC264}.Debug|Any CPU.ActiveCfg = Debug|Any CPU
		{440A3A30-722D-4339-AC86-B9C99C7FC264}.Debug|Any CPU.Build.0 = Debug|Any CPU
		{440A3A30-722D-4339-AC86-B9C99C7FC264}.Release|Any CPU.ActiveCfg = Release|Any CPU
		{440A3A30-722D-4339-AC86-B9C99C7FC264}.Release|Any CPU.Build.0 = Release|Any CPU
	EndGlobalSection
	GlobalSection(SolutionProperties) = preSolution
		HideSolutionNode = FALSE
	EndGlobalSection
	GlobalSection(ExtensibilityGlobals) = postSolution
		SolutionGuid = {E468EF1B-3658-494F-A3EE-60B0A4E946F8}
	EndGlobalSection
EndGlobal
