
Microsoft Visual Studio Solution File, Format Version 9.00
# Visual Studio 2005
Project("{FAE04EC0-301F-11D3-BF4B-00C04F79EFBC}") = "KCGV", "KCGV.csproj", "{8AEE177E-67A2-4576-802A-EB86D93F6375}"
EndProject
Global
	GlobalSection(SolutionConfigurationPlatforms) = preSolution
		Debug|Any CPU = Debug|Any CPU
		Release|Any CPU = Release|Any CPU
	EndGlobalSection
	GlobalSection(ProjectConfigurationPlatforms) = postSolution
		{8AEE177E-67A2-4576-802A-EB86D93F6375}.Debug|Any CPU.ActiveCfg = Debug|Any CPU
		{8AEE177E-67A2-4576-802A-EB86D93F6375}.Debug|Any CPU.Build.0 = Debug|Any CPU
		{8AEE177E-67A2-4576-802A-EB86D93F6375}.Release|Any CPU.ActiveCfg = Release|Any CPU
		{8AEE177E-67A2-4576-802A-EB86D93F6375}.Release|Any CPU.Build.0 = Release|Any CPU
	EndGlobalSection
	GlobalSection(SolutionProperties) = preSolution
		HideSolutionNode = FALSE
	EndGlobalSection
EndGlobal
