
Microsoft Visual Studio Solution File, Format Version 9.00
# Visual Studio 2005
Project("{FAE04EC0-301F-11D3-BF4B-00C04F79EFBC}") = "LapChungTu", "LapChungTu.csproj", "{FCA68347-5599-4B7A-AB32-546BC3059B12}"
EndProject
Global
	GlobalSection(SolutionConfigurationPlatforms) = preSolution
		Debug|Any CPU = Debug|Any CPU
		Release|Any CPU = Release|Any CPU
	EndGlobalSection
	GlobalSection(ProjectConfigurationPlatforms) = postSolution
		{FCA68347-5599-4B7A-AB32-546BC3059B12}.Debug|Any CPU.ActiveCfg = Debug|Any CPU
		{FCA68347-5599-4B7A-AB32-546BC3059B12}.Debug|Any CPU.Build.0 = Debug|Any CPU
		{FCA68347-5599-4B7A-AB32-546BC3059B12}.Release|Any CPU.ActiveCfg = Release|Any CPU
		{FCA68347-5599-4B7A-AB32-546BC3059B12}.Release|Any CPU.Build.0 = Release|Any CPU
	EndGlobalSection
	GlobalSection(SolutionProperties) = preSolution
		HideSolutionNode = FALSE
	EndGlobalSection
EndGlobal
